
Microsoft Visual Studio Solution File, Format Version 12.00
# Visual Studio Version 16
VisualStudioVersion = 16.0.29009.5
MinimumVisualStudioVersion = 10.0.40219.1
Project("{F184B08F-C81C-45F6-A57F-5ABD9991F28F}") = "00_HelloWorld", "00_HelloWorld\00_HelloWorld.vbproj", "{D3C82925-0B94-4D65-AE0D-6253FC854EAA}"
EndProject
Project("{F184B08F-C81C-45F6-A57F-5ABD9991F28F}") = "01_Variables", "01_Variables\01_Variables.vbproj", "{3F5F381A-C71A-44E1-8AA0-2103FB7AE2E7}"
EndProject
Project("{F184B08F-C81C-45F6-A57F-5ABD9991F28F}") = "02_Conditionals", "02_Conditionals\02_Conditionals.vbproj", "{6BE23BFC-9126-4DC6-94E2-F37A3B616FBA}"
EndProject
Project("{F184B08F-C81C-45F6-A57F-5ABD9991F28F}") = "03_ForLoop", "03_ForLoop\03_ForLoop.vbproj", "{0DB0A06B-BD82-4401-96C3-AA4EB65BB6D4}"
EndProject
Project("{F184B08F-C81C-45F6-A57F-5ABD9991F28F}") = "04_Arrays", "04_Arrays\04_Arrays.vbproj", "{329F48EA-16E2-459B-82E0-B515232D1900}"
EndProject
Project("{F184B08F-C81C-45F6-A57F-5ABD9991F28F}") = "05_Methods", "05_Methods\05_Methods.vbproj", "{2D11FA11-8888-46A7-B3DC-34D94659EC80}"
EndProject
Project("{F184B08F-C81C-45F6-A57F-5ABD9991F28F}") = "06_Classes", "06_Classes\06_Classes.vbproj", "{5D807890-AC78-40D9-8FCF-5068A2D8FCD0}"
EndProject
Project("{F184B08F-C81C-45F6-A57F-5ABD9991F28F}") = "07_Inheritance", "07_Inheiritance\07_Inheritance.vbproj", "{FBFA10CC-1557-4F21-B252-6B84D05D5B13}"
EndProject
Project("{F184B08F-C81C-45F6-A57F-5ABD9991F28F}") = "08_NamespacesAndReferencing", "08_NamespacesAndReferencing\08_NamespacesAndReferencing.vbproj", "{7B1D5CA0-AD80-4DEB-98F8-57E8E0C4F6FB}"
EndProject
Project("{F184B08F-C81C-45F6-A57F-5ABD9991F28F}") = "09_SelectCase", "09_SelectCase\09_SelectCase.vbproj", "{AF02C710-38FF-4DA2-A54A-24AB8F138976}"
EndProject
Project("{F184B08F-C81C-45F6-A57F-5ABD9991F28F}") = "10_Collections", "10_Collections\10_Collections.vbproj", "{B13A52EC-D30F-4555-A0F4-0887F0D1D080}"
EndProject
Project("{F184B08F-C81C-45F6-A57F-5ABD9991F28F}") = "CSharpChallengeConversion", "CSharpChallengeConversion\CSharpChallengeConversion.vbproj", "{536E2F1F-9551-4D54-991D-60BB2688755F}"
EndProject
Global
	GlobalSection(SolutionConfigurationPlatforms) = preSolution
		Debug|Any CPU = Debug|Any CPU
		Release|Any CPU = Release|Any CPU
	EndGlobalSection
	GlobalSection(ProjectConfigurationPlatforms) = postSolution
		{D3C82925-0B94-4D65-AE0D-6253FC854EAA}.Debug|Any CPU.ActiveCfg = Debug|Any CPU
		{D3C82925-0B94-4D65-AE0D-6253FC854EAA}.Debug|Any CPU.Build.0 = Debug|Any CPU
		{D3C82925-0B94-4D65-AE0D-6253FC854EAA}.Release|Any CPU.ActiveCfg = Release|Any CPU
		{D3C82925-0B94-4D65-AE0D-6253FC854EAA}.Release|Any CPU.Build.0 = Release|Any CPU
		{3F5F381A-C71A-44E1-8AA0-2103FB7AE2E7}.Debug|Any CPU.ActiveCfg = Debug|Any CPU
		{3F5F381A-C71A-44E1-8AA0-2103FB7AE2E7}.Debug|Any CPU.Build.0 = Debug|Any CPU
		{3F5F381A-C71A-44E1-8AA0-2103FB7AE2E7}.Release|Any CPU.ActiveCfg = Release|Any CPU
		{3F5F381A-C71A-44E1-8AA0-2103FB7AE2E7}.Release|Any CPU.Build.0 = Release|Any CPU
		{6BE23BFC-9126-4DC6-94E2-F37A3B616FBA}.Debug|Any CPU.ActiveCfg = Debug|Any CPU
		{6BE23BFC-9126-4DC6-94E2-F37A3B616FBA}.Debug|Any CPU.Build.0 = Debug|Any CPU
		{6BE23BFC-9126-4DC6-94E2-F37A3B616FBA}.Release|Any CPU.ActiveCfg = Release|Any CPU
		{6BE23BFC-9126-4DC6-94E2-F37A3B616FBA}.Release|Any CPU.Build.0 = Release|Any CPU
		{0DB0A06B-BD82-4401-96C3-AA4EB65BB6D4}.Debug|Any CPU.ActiveCfg = Debug|Any CPU
		{0DB0A06B-BD82-4401-96C3-AA4EB65BB6D4}.Debug|Any CPU.Build.0 = Debug|Any CPU
		{0DB0A06B-BD82-4401-96C3-AA4EB65BB6D4}.Release|Any CPU.ActiveCfg = Release|Any CPU
		{0DB0A06B-BD82-4401-96C3-AA4EB65BB6D4}.Release|Any CPU.Build.0 = Release|Any CPU
		{329F48EA-16E2-459B-82E0-B515232D1900}.Debug|Any CPU.ActiveCfg = Debug|Any CPU
		{329F48EA-16E2-459B-82E0-B515232D1900}.Debug|Any CPU.Build.0 = Debug|Any CPU
		{329F48EA-16E2-459B-82E0-B515232D1900}.Release|Any CPU.ActiveCfg = Release|Any CPU
		{329F48EA-16E2-459B-82E0-B515232D1900}.Release|Any CPU.Build.0 = Release|Any CPU
		{2D11FA11-8888-46A7-B3DC-34D94659EC80}.Debug|Any CPU.ActiveCfg = Debug|Any CPU
		{2D11FA11-8888-46A7-B3DC-34D94659EC80}.Debug|Any CPU.Build.0 = Debug|Any CPU
		{2D11FA11-8888-46A7-B3DC-34D94659EC80}.Release|Any CPU.ActiveCfg = Release|Any CPU
		{2D11FA11-8888-46A7-B3DC-34D94659EC80}.Release|Any CPU.Build.0 = Release|Any CPU
		{5D807890-AC78-40D9-8FCF-5068A2D8FCD0}.Debug|Any CPU.ActiveCfg = Debug|Any CPU
		{5D807890-AC78-40D9-8FCF-5068A2D8FCD0}.Debug|Any CPU.Build.0 = Debug|Any CPU
		{5D807890-AC78-40D9-8FCF-5068A2D8FCD0}.Release|Any CPU.ActiveCfg = Release|Any CPU
		{5D807890-AC78-40D9-8FCF-5068A2D8FCD0}.Release|Any CPU.Build.0 = Release|Any CPU
		{FBFA10CC-1557-4F21-B252-6B84D05D5B13}.Debug|Any CPU.ActiveCfg = Debug|Any CPU
		{FBFA10CC-1557-4F21-B252-6B84D05D5B13}.Debug|Any CPU.Build.0 = Debug|Any CPU
		{FBFA10CC-1557-4F21-B252-6B84D05D5B13}.Release|Any CPU.ActiveCfg = Release|Any CPU
		{FBFA10CC-1557-4F21-B252-6B84D05D5B13}.Release|Any CPU.Build.0 = Release|Any CPU
		{7B1D5CA0-AD80-4DEB-98F8-57E8E0C4F6FB}.Debug|Any CPU.ActiveCfg = Debug|Any CPU
		{7B1D5CA0-AD80-4DEB-98F8-57E8E0C4F6FB}.Debug|Any CPU.Build.0 = Debug|Any CPU
		{7B1D5CA0-AD80-4DEB-98F8-57E8E0C4F6FB}.Release|Any CPU.ActiveCfg = Release|Any CPU
		{7B1D5CA0-AD80-4DEB-98F8-57E8E0C4F6FB}.Release|Any CPU.Build.0 = Release|Any CPU
		{AF02C710-38FF-4DA2-A54A-24AB8F138976}.Debug|Any CPU.ActiveCfg = Debug|Any CPU
		{AF02C710-38FF-4DA2-A54A-24AB8F138976}.Debug|Any CPU.Build.0 = Debug|Any CPU
		{AF02C710-38FF-4DA2-A54A-24AB8F138976}.Release|Any CPU.ActiveCfg = Release|Any CPU
		{AF02C710-38FF-4DA2-A54A-24AB8F138976}.Release|Any CPU.Build.0 = Release|Any CPU
		{B13A52EC-D30F-4555-A0F4-0887F0D1D080}.Debug|Any CPU.ActiveCfg = Debug|Any CPU
		{B13A52EC-D30F-4555-A0F4-0887F0D1D080}.Debug|Any CPU.Build.0 = Debug|Any CPU
		{B13A52EC-D30F-4555-A0F4-0887F0D1D080}.Release|Any CPU.ActiveCfg = Release|Any CPU
		{B13A52EC-D30F-4555-A0F4-0887F0D1D080}.Release|Any CPU.Build.0 = Release|Any CPU
		{536E2F1F-9551-4D54-991D-60BB2688755F}.Debug|Any CPU.ActiveCfg = Debug|Any CPU
		{536E2F1F-9551-4D54-991D-60BB2688755F}.Debug|Any CPU.Build.0 = Debug|Any CPU
		{536E2F1F-9551-4D54-991D-60BB2688755F}.Release|Any CPU.ActiveCfg = Release|Any CPU
		{536E2F1F-9551-4D54-991D-60BB2688755F}.Release|Any CPU.Build.0 = Release|Any CPU
	EndGlobalSection
	GlobalSection(SolutionProperties) = preSolution
		HideSolutionNode = FALSE
	EndGlobalSection
	GlobalSection(ExtensibilityGlobals) = postSolution
		SolutionGuid = {9DD58530-F75A-4ACB-9C5C-66D0B56A8013}
	EndGlobalSection
EndGlobal
